
Microsoft Visual Studio Solution File, Format Version 12.00
# Visual Studio Version 16
VisualStudioVersion = 16.0.30320.27
MinimumVisualStudioVersion = 10.0.40219.1
Project("{FAE04EC0-301F-11D3-BF4B-00C04F79EFBC}") = "ConsoleVendas", "ConsoleVendas\ConsoleVendas.csproj", "{28EDF122-66AF-47B7-B530-288852F1F5F6}"
EndProject
Global
	GlobalSection(SolutionConfigurationPlatforms) = preSolution
		Debug|Any CPU = Debug|Any CPU
		Release|Any CPU = Release|Any CPU
	EndGlobalSection
	GlobalSection(ProjectConfigurationPlatforms) = postSolution
		{28EDF122-66AF-47B7-B530-288852F1F5F6}.Debug|Any CPU.ActiveCfg = Debug|Any CPU
		{28EDF122-66AF-47B7-B530-288852F1F5F6}.Debug|Any CPU.Build.0 = Debug|Any CPU
		{28EDF122-66AF-47B7-B530-288852F1F5F6}.Release|Any CPU.ActiveCfg = Release|Any CPU
		{28EDF122-66AF-47B7-B530-288852F1F5F6}.Release|Any CPU.Build.0 = Release|Any CPU
	EndGlobalSection
	GlobalSection(SolutionProperties) = preSolution
		HideSolutionNode = FALSE
	EndGlobalSection
	GlobalSection(ExtensibilityGlobals) = postSolution
		SolutionGuid = {8A1991FF-2CDA-41D9-AFE7-81E3DD1B176C}
	EndGlobalSection
EndGlobal
